
Microsoft Visual Studio Solution File, Format Version 12.00
# Visual Studio Version 17
VisualStudioVersion = 17.7.34031.279
MinimumVisualStudioVersion = 10.0.40219.1
Project("{FAE04EC0-301F-11D3-BF4B-00C04F79EFBC}") = "ML", "ML\ML.csproj", "{7157E3EC-926C-4812-BB01-8BF0C00909ED}"
EndProject
Project("{FAE04EC0-301F-11D3-BF4B-00C04F79EFBC}") = "BL", "BL\BL.csproj", "{4F22F6A7-4FA0-4A85-8DF6-A00E37D18095}"
EndProject
Project("{FAE04EC0-301F-11D3-BF4B-00C04F79EFBC}") = "DL", "DL\DL.csproj", "{66348887-AF8A-49CD-A3CB-8D036EE14218}"
EndProject
Project("{FAE04EC0-301F-11D3-BF4B-00C04F79EFBC}") = "PLMVC", "PLMVC\PLMVC.csproj", "{0C5F082A-A643-41E3-ABFA-1D975A83A23A}"
EndProject
Project("{FAE04EC0-301F-11D3-BF4B-00C04F79EFBC}") = "SL", "SL\SL.csproj", "{F424188C-4DBA-4DE9-9977-A4B825A38B2E}"
EndProject
Global
	GlobalSection(SolutionConfigurationPlatforms) = preSolution
		Debug|Any CPU = Debug|Any CPU
		Release|Any CPU = Release|Any CPU
	EndGlobalSection
	GlobalSection(ProjectConfigurationPlatforms) = postSolution
		{7157E3EC-926C-4812-BB01-8BF0C00909ED}.Debug|Any CPU.ActiveCfg = Debug|Any CPU
		{7157E3EC-926C-4812-BB01-8BF0C00909ED}.Debug|Any CPU.Build.0 = Debug|Any CPU
		{7157E3EC-926C-4812-BB01-8BF0C00909ED}.Release|Any CPU.ActiveCfg = Release|Any CPU
		{7157E3EC-926C-4812-BB01-8BF0C00909ED}.Release|Any CPU.Build.0 = Release|Any CPU
		{4F22F6A7-4FA0-4A85-8DF6-A00E37D18095}.Debug|Any CPU.ActiveCfg = Debug|Any CPU
		{4F22F6A7-4FA0-4A85-8DF6-A00E37D18095}.Debug|Any CPU.Build.0 = Debug|Any CPU
		{4F22F6A7-4FA0-4A85-8DF6-A00E37D18095}.Release|Any CPU.ActiveCfg = Release|Any CPU
		{4F22F6A7-4FA0-4A85-8DF6-A00E37D18095}.Release|Any CPU.Build.0 = Release|Any CPU
		{66348887-AF8A-49CD-A3CB-8D036EE14218}.Debug|Any CPU.ActiveCfg = Debug|Any CPU
		{66348887-AF8A-49CD-A3CB-8D036EE14218}.Debug|Any CPU.Build.0 = Debug|Any CPU
		{66348887-AF8A-49CD-A3CB-8D036EE14218}.Release|Any CPU.ActiveCfg = Release|Any CPU
		{66348887-AF8A-49CD-A3CB-8D036EE14218}.Release|Any CPU.Build.0 = Release|Any CPU
		{0C5F082A-A643-41E3-ABFA-1D975A83A23A}.Debug|Any CPU.ActiveCfg = Debug|Any CPU
		{0C5F082A-A643-41E3-ABFA-1D975A83A23A}.Debug|Any CPU.Build.0 = Debug|Any CPU
		{0C5F082A-A643-41E3-ABFA-1D975A83A23A}.Release|Any CPU.ActiveCfg = Release|Any CPU
		{0C5F082A-A643-41E3-ABFA-1D975A83A23A}.Release|Any CPU.Build.0 = Release|Any CPU
		{F424188C-4DBA-4DE9-9977-A4B825A38B2E}.Debug|Any CPU.ActiveCfg = Debug|Any CPU
		{F424188C-4DBA-4DE9-9977-A4B825A38B2E}.Debug|Any CPU.Build.0 = Debug|Any CPU
		{F424188C-4DBA-4DE9-9977-A4B825A38B2E}.Release|Any CPU.ActiveCfg = Release|Any CPU
		{F424188C-4DBA-4DE9-9977-A4B825A38B2E}.Release|Any CPU.Build.0 = Release|Any CPU
	EndGlobalSection
	GlobalSection(SolutionProperties) = preSolution
		HideSolutionNode = FALSE
	EndGlobalSection
	GlobalSection(ExtensibilityGlobals) = postSolution
		SolutionGuid = {AAB8E12B-BA02-40D1-8DCE-FA689EB0D6CE}
	EndGlobalSection
EndGlobal
